<Solution>
  <Folder Name="/docs/">
    <File Path="docs/architecture.md" />
    <File Path="docs/getting-started.md" />
    <File Path="roadmap.md" />
  </Folder>
  <Folder Name="/samples/">
    <Project Path="samples/SampleAPI/SampleAPI.csproj" Id="5a943a1b-9e8f-4fbd-81bb-2008eaec481f" />
  </Folder>
  <Folder Name="/src/">
    <Project Path="src/DotAuth.Application/DotAuth.Application.csproj" />
    <Project Path="src/DotAuth.Domain/DotAuth.Domain.csproj" />
    <Project Path="src/DotAuth.Infrastructure/DotAuth.Infrastructure.csproj" />
    <Project Path="src/DotAuth.Presentation/DotAuth.Presentation.csproj" />
  </Folder>
</Solution>
